// !$*UTF8*$!
{
	archiveVersion = 1;
	classes = {
	};
	objectVersion = 46;
	objects = {

/* Begin PBXBuildFile section */
		96DA2D92895C2C6BCA69B18D /* libPods.a in Frameworks */ = {isa = PBXBuildFile; fileRef = 9D80908E153042571B7BF271 /* libPods.a */; };
		E22A69121B77F0C1001E9BCD /* ArticleListTableViewCell.m in Sources */ = {isa = PBXBuildFile; fileRef = E22A69111B77F0C1001E9BCD /* ArticleListTableViewCell.m */; };
		E22A69161B781CCA001E9BCD /* ImageProvider.m in Sources */ = {isa = PBXBuildFile; fileRef = E22A69151B781CCA001E9BCD /* ImageProvider.m */; };
		E22A691B1B79444D001E9BCD /* ArticleProviderTest.m in Sources */ = {isa = PBXBuildFile; fileRef = E22A691A1B79444D001E9BCD /* ArticleProviderTest.m */; };
		E22A691E1B795481001E9BCD /* ConstantsForTests.m in Sources */ = {isa = PBXBuildFile; fileRef = E22A691D1B795481001E9BCD /* ConstantsForTests.m */; };
		E23418711B71096F0087EA6F /* main.m in Sources */ = {isa = PBXBuildFile; fileRef = E23418701B71096F0087EA6F /* main.m */; };
		E23418741B71096F0087EA6F /* AppDelegate.m in Sources */ = {isa = PBXBuildFile; fileRef = E23418731B71096F0087EA6F /* AppDelegate.m */; };
		E23418771B71096F0087EA6F /* HeadlineNews.xcdatamodeld in Sources */ = {isa = PBXBuildFile; fileRef = E23418751B71096F0087EA6F /* HeadlineNews.xcdatamodeld */; };
		E234187D1B71096F0087EA6F /* DetailViewController.m in Sources */ = {isa = PBXBuildFile; fileRef = E234187C1B71096F0087EA6F /* DetailViewController.m */; };
		E23418801B71096F0087EA6F /* Main.storyboard in Resources */ = {isa = PBXBuildFile; fileRef = E234187E1B71096F0087EA6F /* Main.storyboard */; };
		E23418821B71096F0087EA6F /* Images.xcassets in Resources */ = {isa = PBXBuildFile; fileRef = E23418811B71096F0087EA6F /* Images.xcassets */; };
		E23418851B71096F0087EA6F /* LaunchScreen.xib in Resources */ = {isa = PBXBuildFile; fileRef = E23418831B71096F0087EA6F /* LaunchScreen.xib */; };
		E23418911B71096F0087EA6F /* HeadlineNewsTests.m in Sources */ = {isa = PBXBuildFile; fileRef = E23418901B71096F0087EA6F /* HeadlineNewsTests.m */; };
		E234189C1B71B18E0087EA6F /* ArticleListViewController.m in Sources */ = {isa = PBXBuildFile; fileRef = E234189B1B71B18E0087EA6F /* ArticleListViewController.m */; };
		E23418A01B7272B50087EA6F /* ArticlesProvider.m in Sources */ = {isa = PBXBuildFile; fileRef = E234189F1B7272B50087EA6F /* ArticlesProvider.m */; };
		E2CEF22E1B73E80E002D03D5 /* NSDictionary+NewsItem.m in Sources */ = {isa = PBXBuildFile; fileRef = E2CEF22D1B73E80E002D03D5 /* NSDictionary+NewsItem.m */; };
		E2CEF2321B76B880002D03D5 /* ArticleDataStore.m in Sources */ = {isa = PBXBuildFile; fileRef = E2CEF2311B76B87F002D03D5 /* ArticleDataStore.m */; };
		E2CEF23B1B76FCE8002D03D5 /* Article.m in Sources */ = {isa = PBXBuildFile; fileRef = E2CEF23A1B76FCE8002D03D5 /* Article.m */; };
		E2CEF23E1B7709B4002D03D5 /* Article+Methods.m in Sources */ = {isa = PBXBuildFile; fileRef = E2CEF23D1B7709B4002D03D5 /* Article+Methods.m */; };
/* End PBXBuildFile section */

/* Begin PBXContainerItemProxy section */
		E234188B1B71096F0087EA6F /* PBXContainerItemProxy */ = {
			isa = PBXContainerItemProxy;
			containerPortal = E23418631B71096F0087EA6F /* Project object */;
			proxyType = 1;
			remoteGlobalIDString = E234186A1B71096F0087EA6F;
			remoteInfo = HeadlineNews;
		};
/* End PBXContainerItemProxy section */

/* Begin PBXFileReference section */
		337BA6C4E6C24F55A0A2D0D6 /* Pods.release.xcconfig */ = {isa = PBXFileReference; includeInIndex = 1; lastKnownFileType = text.xcconfig; name = Pods.release.xcconfig; path = "Pods/Target Support Files/Pods/Pods.release.xcconfig"; sourceTree = "<group>"; };
		5F181224075412D4D0D330FF /* Pods.debug.xcconfig */ = {isa = PBXFileReference; includeInIndex = 1; lastKnownFileType = text.xcconfig; name = Pods.debug.xcconfig; path = "Pods/Target Support Files/Pods/Pods.debug.xcconfig"; sourceTree = "<group>"; };
		9D80908E153042571B7BF271 /* libPods.a */ = {isa = PBXFileReference; explicitFileType = archive.ar; includeInIndex = 0; path = libPods.a; sourceTree = BUILT_PRODUCTS_DIR; };
		E22A69101B77F0C1001E9BCD /* ArticleListTableViewCell.h */ = {isa = PBXFileReference; fileEncoding = 4; lastKnownFileType = sourcecode.c.h; path = ArticleListTableViewCell.h; sourceTree = "<group>"; };
		E22A69111B77F0C1001E9BCD /* ArticleListTableViewCell.m */ = {isa = PBXFileReference; fileEncoding = 4; lastKnownFileType = sourcecode.c.objc; path = ArticleListTableViewCell.m; sourceTree = "<group>"; };
		E22A69141B781CCA001E9BCD /* ImageProvider.h */ = {isa = PBXFileReference; fileEncoding = 4; lastKnownFileType = sourcecode.c.h; path = ImageProvider.h; sourceTree = "<group>"; };
		E22A69151B781CCA001E9BCD /* ImageProvider.m */ = {isa = PBXFileReference; fileEncoding = 4; lastKnownFileType = sourcecode.c.objc; path = ImageProvider.m; sourceTree = "<group>"; };
		E22A691A1B79444D001E9BCD /* ArticleProviderTest.m */ = {isa = PBXFileReference; fileEncoding = 4; lastKnownFileType = sourcecode.c.objc; path = ArticleProviderTest.m; sourceTree = "<group>"; };
		E22A691C1B795481001E9BCD /* ConstantsForTests.h */ = {isa = PBXFileReference; fileEncoding = 4; lastKnownFileType = sourcecode.c.h; path = ConstantsForTests.h; sourceTree = "<group>"; };
		E22A691D1B795481001E9BCD /* ConstantsForTests.m */ = {isa = PBXFileReference; fileEncoding = 4; lastKnownFileType = sourcecode.c.objc; path = ConstantsForTests.m; sourceTree = "<group>"; };
		E234186B1B71096F0087EA6F /* HeadlineNews.app */ = {isa = PBXFileReference; explicitFileType = wrapper.application; includeInIndex = 0; path = HeadlineNews.app; sourceTree = BUILT_PRODUCTS_DIR; };
		E234186F1B71096F0087EA6F /* Info.plist */ = {isa = PBXFileReference; lastKnownFileType = text.plist.xml; path = Info.plist; sourceTree = "<group>"; };
		E23418701B71096F0087EA6F /* main.m */ = {isa = PBXFileReference; lastKnownFileType = sourcecode.c.objc; path = main.m; sourceTree = "<group>"; };
		E23418721B71096F0087EA6F /* AppDelegate.h */ = {isa = PBXFileReference; lastKnownFileType = sourcecode.c.h; path = AppDelegate.h; sourceTree = "<group>"; };
		E23418731B71096F0087EA6F /* AppDelegate.m */ = {isa = PBXFileReference; lastKnownFileType = sourcecode.c.objc; path = AppDelegate.m; sourceTree = "<group>"; };
		E23418761B71096F0087EA6F /* HeadlineNews.xcdatamodel */ = {isa = PBXFileReference; lastKnownFileType = wrapper.xcdatamodel; path = HeadlineNews.xcdatamodel; sourceTree = "<group>"; };
		E234187B1B71096F0087EA6F /* DetailViewController.h */ = {isa = PBXFileReference; lastKnownFileType = sourcecode.c.h; path = DetailViewController.h; sourceTree = "<group>"; };
		E234187C1B71096F0087EA6F /* DetailViewController.m */ = {isa = PBXFileReference; lastKnownFileType = sourcecode.c.objc; path = DetailViewController.m; sourceTree = "<group>"; };
		E234187F1B71096F0087EA6F /* Base */ = {isa = PBXFileReference; lastKnownFileType = file.storyboard; name = Base; path = Base.lproj/Main.storyboard; sourceTree = "<group>"; };
		E23418811B71096F0087EA6F /* Images.xcassets */ = {isa = PBXFileReference; lastKnownFileType = folder.assetcatalog; path = Images.xcassets; sourceTree = "<group>"; };
		E23418841B71096F0087EA6F /* Base */ = {isa = PBXFileReference; lastKnownFileType = file.xib; name = Base; path = Base.lproj/LaunchScreen.xib; sourceTree = "<group>"; };
		E234188A1B71096F0087EA6F /* HeadlineNewsTests.xctest */ = {isa = PBXFileReference; explicitFileType = wrapper.cfbundle; includeInIndex = 0; path = HeadlineNewsTests.xctest; sourceTree = BUILT_PRODUCTS_DIR; };
		E234188F1B71096F0087EA6F /* Info.plist */ = {isa = PBXFileReference; lastKnownFileType = text.plist.xml; path = Info.plist; sourceTree = "<group>"; };
		E23418901B71096F0087EA6F /* HeadlineNewsTests.m */ = {isa = PBXFileReference; lastKnownFileType = sourcecode.c.objc; path = HeadlineNewsTests.m; sourceTree = "<group>"; };
		E234189A1B71B18E0087EA6F /* ArticleListViewController.h */ = {isa = PBXFileReference; fileEncoding = 4; lastKnownFileType = sourcecode.c.h; path = ArticleListViewController.h; sourceTree = "<group>"; };
		E234189B1B71B18E0087EA6F /* ArticleListViewController.m */ = {isa = PBXFileReference; fileEncoding = 4; lastKnownFileType = sourcecode.c.objc; path = ArticleListViewController.m; sourceTree = "<group>"; };
		E234189E1B7272B50087EA6F /* ArticlesProvider.h */ = {isa = PBXFileReference; fileEncoding = 4; lastKnownFileType = sourcecode.c.h; path = ArticlesProvider.h; sourceTree = "<group>"; };
		E234189F1B7272B50087EA6F /* ArticlesProvider.m */ = {isa = PBXFileReference; fileEncoding = 4; lastKnownFileType = sourcecode.c.objc; path = ArticlesProvider.m; sourceTree = "<group>"; };
		E2CEF22C1B73E80E002D03D5 /* NSDictionary+NewsItem.h */ = {isa = PBXFileReference; fileEncoding = 4; lastKnownFileType = sourcecode.c.h; path = "NSDictionary+NewsItem.h"; sourceTree = "<group>"; };
		E2CEF22D1B73E80E002D03D5 /* NSDictionary+NewsItem.m */ = {isa = PBXFileReference; fileEncoding = 4; lastKnownFileType = sourcecode.c.objc; path = "NSDictionary+NewsItem.m"; sourceTree = "<group>"; };
		E2CEF2301B76B87F002D03D5 /* ArticleDataStore.h */ = {isa = PBXFileReference; fileEncoding = 4; lastKnownFileType = sourcecode.c.h; path = ArticleDataStore.h; sourceTree = "<group>"; };
		E2CEF2311B76B87F002D03D5 /* ArticleDataStore.m */ = {isa = PBXFileReference; fileEncoding = 4; lastKnownFileType = sourcecode.c.objc; path = ArticleDataStore.m; sourceTree = "<group>"; };
		E2CEF2391B76FCE8002D03D5 /* Article.h */ = {isa = PBXFileReference; fileEncoding = 4; lastKnownFileType = sourcecode.c.h; path = Article.h; sourceTree = "<group>"; };
		E2CEF23A1B76FCE8002D03D5 /* Article.m */ = {isa = PBXFileReference; fileEncoding = 4; lastKnownFileType = sourcecode.c.objc; path = Article.m; sourceTree = "<group>"; };
		E2CEF23C1B7709B4002D03D5 /* Article+Methods.h */ = {isa = PBXFileReference; fileEncoding = 4; lastKnownFileType = sourcecode.c.h; path = "Article+Methods.h"; sourceTree = "<group>"; };
		E2CEF23D1B7709B4002D03D5 /* Article+Methods.m */ = {isa = PBXFileReference; fileEncoding = 4; lastKnownFileType = sourcecode.c.objc; path = "Article+Methods.m"; sourceTree = "<group>"; };
/* End PBXFileReference section */

/* Begin PBXFrameworksBuildPhase section */
		E23418681B71096F0087EA6F /* Frameworks */ = {
			isa = PBXFrameworksBuildPhase;
			buildActionMask = 2147483647;
			files = (
				96DA2D92895C2C6BCA69B18D /* libPods.a in Frameworks */,
			);
			runOnlyForDeploymentPostprocessing = 0;
		};
		E23418871B71096F0087EA6F /* Frameworks */ = {
			isa = PBXFrameworksBuildPhase;
			buildActionMask = 2147483647;
			files = (
			);
			runOnlyForDeploymentPostprocessing = 0;
		};
/* End PBXFrameworksBuildPhase section */

/* Begin PBXGroup section */
		057B5A8B1526DA5F7496E677 /* Frameworks */ = {
			isa = PBXGroup;
			children = (
				9D80908E153042571B7BF271 /* libPods.a */,
			);
			name = Frameworks;
			sourceTree = "<group>";
		};
		BE757A95EA34C74A975C34CE /* Pods */ = {
			isa = PBXGroup;
			children = (
				5F181224075412D4D0D330FF /* Pods.debug.xcconfig */,
				337BA6C4E6C24F55A0A2D0D6 /* Pods.release.xcconfig */,
			);
			name = Pods;
			sourceTree = "<group>";
		};
		E22A690F1B77F046001E9BCD /* Interface */ = {
			isa = PBXGroup;
			children = (
				E234187E1B71096F0087EA6F /* Main.storyboard */,
				E22A69101B77F0C1001E9BCD /* ArticleListTableViewCell.h */,
				E22A69111B77F0C1001E9BCD /* ArticleListTableViewCell.m */,
			);
			name = Interface;
			sourceTree = "<group>";
		};
		E22A69131B77FB98001E9BCD /* Constants */ = {
			isa = PBXGroup;
			children = (
				E2CEF22C1B73E80E002D03D5 /* NSDictionary+NewsItem.h */,
				E2CEF22D1B73E80E002D03D5 /* NSDictionary+NewsItem.m */,
			);
			name = Constants;
			sourceTree = "<group>";
		};
		E22A69171B787298001E9BCD /* View Controllers */ = {
			isa = PBXGroup;
			children = (
				E234189A1B71B18E0087EA6F /* ArticleListViewController.h */,
				E234189B1B71B18E0087EA6F /* ArticleListViewController.m */,
				E234187B1B71096F0087EA6F /* DetailViewController.h */,
				E234187C1B71096F0087EA6F /* DetailViewController.m */,
			);
			name = "View Controllers";
			sourceTree = "<group>";
		};
		E23418621B71096F0087EA6F = {
			isa = PBXGroup;
			children = (
				E234186D1B71096F0087EA6F /* HeadlineNews */,
				E234188D1B71096F0087EA6F /* HeadlineNewsTests */,
				E234186C1B71096F0087EA6F /* Products */,
				BE757A95EA34C74A975C34CE /* Pods */,
				057B5A8B1526DA5F7496E677 /* Frameworks */,
			);
			sourceTree = "<group>";
		};
		E234186C1B71096F0087EA6F /* Products */ = {
			isa = PBXGroup;
			children = (
				E234186B1B71096F0087EA6F /* HeadlineNews.app */,
				E234188A1B71096F0087EA6F /* HeadlineNewsTests.xctest */,
			);
			name = Products;
			sourceTree = "<group>";
		};
		E234186D1B71096F0087EA6F /* HeadlineNews */ = {
			isa = PBXGroup;
			children = (
				E23418721B71096F0087EA6F /* AppDelegate.h */,
				E23418731B71096F0087EA6F /* AppDelegate.m */,
				E22A690F1B77F046001E9BCD /* Interface */,
				E2CEF22F1B76B767002D03D5 /* DataModel */,
				E234189D1B72715C0087EA6F /* Networking */,
				E22A69131B77FB98001E9BCD /* Constants */,
				E22A69171B787298001E9BCD /* View Controllers */,
				E23418811B71096F0087EA6F /* Images.xcassets */,
				E23418831B71096F0087EA6F /* LaunchScreen.xib */,
				E234186E1B71096F0087EA6F /* Supporting Files */,
			);
			path = HeadlineNews;
			sourceTree = "<group>";
		};
		E234186E1B71096F0087EA6F /* Supporting Files */ = {
			isa = PBXGroup;
			children = (
				E234186F1B71096F0087EA6F /* Info.plist */,
				E23418701B71096F0087EA6F /* main.m */,
			);
			name = "Supporting Files";
			sourceTree = "<group>";
		};
		E234188D1B71096F0087EA6F /* HeadlineNewsTests */ = {
			isa = PBXGroup;
			children = (
				E23418901B71096F0087EA6F /* HeadlineNewsTests.m */,
				E22A691A1B79444D001E9BCD /* ArticleProviderTest.m */,
				E234188E1B71096F0087EA6F /* Supporting Files */,
				E22A691C1B795481001E9BCD /* ConstantsForTests.h */,
				E22A691D1B795481001E9BCD /* ConstantsForTests.m */,
			);
			path = HeadlineNewsTests;
			sourceTree = "<group>";
		};
		E234188E1B71096F0087EA6F /* Supporting Files */ = {
			isa = PBXGroup;
			children = (
				E234188F1B71096F0087EA6F /* Info.plist */,
			);
			name = "Supporting Files";
			sourceTree = "<group>";
		};
		E234189D1B72715C0087EA6F /* Networking */ = {
			isa = PBXGroup;
			children = (
				E234189E1B7272B50087EA6F /* ArticlesProvider.h */,
				E234189F1B7272B50087EA6F /* ArticlesProvider.m */,
				E22A69141B781CCA001E9BCD /* ImageProvider.h */,
				E22A69151B781CCA001E9BCD /* ImageProvider.m */,
			);
			name = Networking;
			sourceTree = "<group>";
		};
		E2CEF22F1B76B767002D03D5 /* DataModel */ = {
			isa = PBXGroup;
			children = (
				E2CEF2301B76B87F002D03D5 /* ArticleDataStore.h */,
				E2CEF2311B76B87F002D03D5 /* ArticleDataStore.m */,
				E2CEF2391B76FCE8002D03D5 /* Article.h */,
				E2CEF23A1B76FCE8002D03D5 /* Article.m */,
				E2CEF23C1B7709B4002D03D5 /* Article+Methods.h */,
				E2CEF23D1B7709B4002D03D5 /* Article+Methods.m */,
				E23418751B71096F0087EA6F /* HeadlineNews.xcdatamodeld */,
			);
			name = DataModel;
			sourceTree = "<group>";
		};
/* End PBXGroup section */

/* Begin PBXNativeTarget section */
		E234186A1B71096F0087EA6F /* HeadlineNews */ = {
			isa = PBXNativeTarget;
			buildConfigurationList = E23418941B71096F0087EA6F /* Build configuration list for PBXNativeTarget "HeadlineNews" */;
			buildPhases = (
				B9C93C8312D83BFBC834E8C2 /* Check Pods Manifest.lock */,
				E23418671B71096F0087EA6F /* Sources */,
				E23418681B71096F0087EA6F /* Frameworks */,
				E23418691B71096F0087EA6F /* Resources */,
				ED0828D08FECBAA86B367B2F /* Copy Pods Resources */,
			);
			buildRules = (
			);
			dependencies = (
			);
			name = HeadlineNews;
			productName = HeadlineNews;
			productReference = E234186B1B71096F0087EA6F /* HeadlineNews.app */;
			productType = "com.apple.product-type.application";
		};
		E23418891B71096F0087EA6F /* HeadlineNewsTests */ = {
			isa = PBXNativeTarget;
			buildConfigurationList = E23418971B71096F0087EA6F /* Build configuration list for PBXNativeTarget "HeadlineNewsTests" */;
			buildPhases = (
				E23418861B71096F0087EA6F /* Sources */,
				E23418871B71096F0087EA6F /* Frameworks */,
				E23418881B71096F0087EA6F /* Resources */,
			);
			buildRules = (
			);
			dependencies = (
				E234188C1B71096F0087EA6F /* PBXTargetDependency */,
			);
			name = HeadlineNewsTests;
			productName = HeadlineNewsTests;
			productReference = E234188A1B71096F0087EA6F /* HeadlineNewsTests.xctest */;
			productType = "com.apple.product-type.bundle.unit-test";
		};
/* End PBXNativeTarget section */

/* Begin PBXProject section */
		E23418631B71096F0087EA6F /* Project object */ = {
			isa = PBXProject;
			attributes = {
				LastUpgradeCheck = 0640;
				ORGANIZATIONNAME = Ruckt;
				TargetAttributes = {
					E234186A1B71096F0087EA6F = {
						CreatedOnToolsVersion = 6.4;
					};
					E23418891B71096F0087EA6F = {
						CreatedOnToolsVersion = 6.4;
						TestTargetID = E234186A1B71096F0087EA6F;
					};
				};
			};
			buildConfigurationList = E23418661B71096F0087EA6F /* Build configuration list for PBXProject "HeadlineNews" */;
			compatibilityVersion = "Xcode 3.2";
			developmentRegion = English;
			hasScannedForEncodings = 0;
			knownRegions = (
				en,
				Base,
			);
			mainGroup = E23418621B71096F0087EA6F;
			productRefGroup = E234186C1B71096F0087EA6F /* Products */;
			projectDirPath = "";
			projectRoot = "";
			targets = (
				E234186A1B71096F0087EA6F /* HeadlineNews */,
				E23418891B71096F0087EA6F /* HeadlineNewsTests */,
			);
		};
/* End PBXProject section */

/* Begin PBXResourcesBuildPhase section */
		E23418691B71096F0087EA6F /* Resources */ = {
			isa = PBXResourcesBuildPhase;
			buildActionMask = 2147483647;
			files = (
				E23418801B71096F0087EA6F /* Main.storyboard in Resources */,
				E23418851B71096F0087EA6F /* LaunchScreen.xib in Resources */,
				E23418821B71096F0087EA6F /* Images.xcassets in Resources */,
			);
			runOnlyForDeploymentPostprocessing = 0;
		};
		E23418881B71096F0087EA6F /* Resources */ = {
			isa = PBXResourcesBuildPhase;
			buildActionMask = 2147483647;
			files = (
			);
			runOnlyForDeploymentPostprocessing = 0;
		};
/* End PBXResourcesBuildPhase section */

/* Begin PBXShellScriptBuildPhase section */
		B9C93C8312D83BFBC834E8C2 /* Check Pods Manifest.lock */ = {
			isa = PBXShellScriptBuildPhase;
			buildActionMask = 2147483647;
			files = (
			);
			inputPaths = (
			);
			name = "Check Pods Manifest.lock";
			outputPaths = (
			);
			runOnlyForDeploymentPostprocessing = 0;
			shellPath = /bin/sh;
			shellScript = "diff \"${PODS_ROOT}/../Podfile.lock\" \"${PODS_ROOT}/Manifest.lock\" > /dev/null\nif [[ $? != 0 ]] ; then\n    cat << EOM\nerror: The sandbox is not in sync with the Podfile.lock. Run 'pod install' or update your CocoaPods installation.\nEOM\n    exit 1\nfi\n";
			showEnvVarsInLog = 0;
		};
		ED0828D08FECBAA86B367B2F /* Copy Pods Resources */ = {
			isa = PBXShellScriptBuildPhase;
			buildActionMask = 2147483647;
			files = (
			);
			inputPaths = (
			);
			name = "Copy Pods Resources";
			outputPaths = (
			);
			runOnlyForDeploymentPostprocessing = 0;
			shellPath = /bin/sh;
			shellScript = "\"${SRCROOT}/Pods/Target Support Files/Pods/Pods-resources.sh\"\n";
			showEnvVarsInLog = 0;
		};
/* End PBXShellScriptBuildPhase section */

/* Begin PBXSourcesBuildPhase section */
		E23418671B71096F0087EA6F /* Sources */ = {
			isa = PBXSourcesBuildPhase;
			buildActionMask = 2147483647;
			files = (
				E22A69121B77F0C1001E9BCD /* ArticleListTableViewCell.m in Sources */,
				E2CEF23B1B76FCE8002D03D5 /* Article.m in Sources */,
				E2CEF23E1B7709B4002D03D5 /* Article+Methods.m in Sources */,
				E2CEF22E1B73E80E002D03D5 /* NSDictionary+NewsItem.m in Sources */,
				E234187D1B71096F0087EA6F /* DetailViewController.m in Sources */,
				E22A69161B781CCA001E9BCD /* ImageProvider.m in Sources */,
				E2CEF2321B76B880002D03D5 /* ArticleDataStore.m in Sources */,
				E234189C1B71B18E0087EA6F /* ArticleListViewController.m in Sources */,
				E23418A01B7272B50087EA6F /* ArticlesProvider.m in Sources */,
				E23418741B71096F0087EA6F /* AppDelegate.m in Sources */,
				E23418711B71096F0087EA6F /* main.m in Sources */,
				E23418771B71096F0087EA6F /* HeadlineNews.xcdatamodeld in Sources */,
			);
			runOnlyForDeploymentPostprocessing = 0;
		};
		E23418861B71096F0087EA6F /* Sources */ = {
			isa = PBXSourcesBuildPhase;
			buildActionMask = 2147483647;
			files = (
				E23418911B71096F0087EA6F /* HeadlineNewsTests.m in Sources */,
				E22A691E1B795481001E9BCD /* ConstantsForTests.m in Sources */,
				E22A691B1B79444D001E9BCD /* ArticleProviderTest.m in Sources */,
			);
			runOnlyForDeploymentPostprocessing = 0;
		};
/* End PBXSourcesBuildPhase section */

/* Begin PBXTargetDependency section */
		E234188C1B71096F0087EA6F /* PBXTargetDependency */ = {
			isa = PBXTargetDependency;
			target = E234186A1B71096F0087EA6F /* HeadlineNews */;
			targetProxy = E234188B1B71096F0087EA6F /* PBXContainerItemProxy */;
		};
/* End PBXTargetDependency section */

/* Begin PBXVariantGroup section */
		E234187E1B71096F0087EA6F /* Main.storyboard */ = {
			isa = PBXVariantGroup;
			children = (
				E234187F1B71096F0087EA6F /* Base */,
			);
			name = Main.storyboard;
			sourceTree = "<group>";
		};
		E23418831B71096F0087EA6F /* LaunchScreen.xib */ = {
			isa = PBXVariantGroup;
			children = (
				E23418841B71096F0087EA6F /* Base */,
			);
			name = LaunchScreen.xib;
			sourceTree = "<group>";
		};
/* End PBXVariantGroup section */

/* Begin XCBuildConfiguration section */
		E23418921B71096F0087EA6F /* Debug */ = {
			isa = XCBuildConfiguration;
			buildSettings = {
				ALWAYS_SEARCH_USER_PATHS = NO;
				CLANG_CXX_LANGUAGE_STANDARD = "gnu++0x";
				CLANG_CXX_LIBRARY = "libc++";
				CLANG_ENABLE_MODULES = YES;
				CLANG_ENABLE_OBJC_ARC = YES;
				CLANG_WARN_BOOL_CONVERSION = YES;
				CLANG_WARN_CONSTANT_CONVERSION = YES;
				CLANG_WARN_DIRECT_OBJC_ISA_USAGE = YES_ERROR;
				CLANG_WARN_EMPTY_BODY = YES;
				CLANG_WARN_ENUM_CONVERSION = YES;
				CLANG_WARN_INT_CONVERSION = YES;
				CLANG_WARN_OBJC_ROOT_CLASS = YES_ERROR;
				CLANG_WARN_UNREACHABLE_CODE = YES;
				CLANG_WARN__DUPLICATE_METHOD_MATCH = YES;
				"CODE_SIGN_IDENTITY[sdk=iphoneos*]" = "iPhone Developer";
				COPY_PHASE_STRIP = NO;
				DEBUG_INFORMATION_FORMAT = "dwarf-with-dsym";
				ENABLE_STRICT_OBJC_MSGSEND = YES;
				GCC_C_LANGUAGE_STANDARD = gnu99;
				GCC_DYNAMIC_NO_PIC = NO;
				GCC_NO_COMMON_BLOCKS = YES;
				GCC_OPTIMIZATION_LEVEL = 0;
				GCC_PREPROCESSOR_DEFINITIONS = (
					"DEBUG=1",
					"$(inherited)",
				);
				GCC_SYMBOLS_PRIVATE_EXTERN = NO;
				GCC_WARN_64_TO_32_BIT_CONVERSION = YES;
				GCC_WARN_ABOUT_RETURN_TYPE = YES_ERROR;
				GCC_WARN_UNDECLARED_SELECTOR = YES;
				GCC_WARN_UNINITIALIZED_AUTOS = YES_AGGRESSIVE;
				GCC_WARN_UNUSED_FUNCTION = YES;
				GCC_WARN_UNUSED_VARIABLE = YES;
				IPHONEOS_DEPLOYMENT_TARGET = 8.4;
				MTL_ENABLE_DEBUG_INFO = YES;
				ONLY_ACTIVE_ARCH = YES;
				SDKROOT = iphoneos;
			};
			name = Debug;
		};
		E23418931B71096F0087EA6F /* Release */ = {
			isa = XCBuildConfiguration;
			buildSettings = {
				ALWAYS_SEARCH_USER_PATHS = NO;
				CLANG_CXX_LANGUAGE_STANDARD = "gnu++0x";
				CLANG_CXX_LIBRARY = "libc++";
				CLANG_ENABLE_MODULES = YES;
				CLANG_ENABLE_OBJC_ARC = YES;
				CLANG_WARN_BOOL_CONVERSION = YES;
				CLANG_WARN_CONSTANT_CONVERSION = YES;
				CLANG_WARN_DIRECT_OBJC_ISA_USAGE = YES_ERROR;
				CLANG_WARN_EMPTY_BODY = YES;
				CLANG_WARN_ENUM_CONVERSION = YES;
				CLANG_WARN_INT_CONVERSION = YES;
				CLANG_WARN_OBJC_ROOT_CLASS = YES_ERROR;
				CLANG_WARN_UNREACHABLE_CODE = YES;
				CLANG_WARN__DUPLICATE_METHOD_MATCH = YES;
				"CODE_SIGN_IDENTITY[sdk=iphoneos*]" = "iPhone Developer";
				COPY_PHASE_STRIP = NO;
				DEBUG_INFORMATION_FORMAT = "dwarf-with-dsym";
				ENABLE_NS_ASSERTIONS = NO;
				ENABLE_STRICT_OBJC_MSGSEND = YES;
				GCC_C_LANGUAGE_STANDARD = gnu99;
				GCC_NO_COMMON_BLOCKS = YES;
				GCC_WARN_64_TO_32_BIT_CONVERSION = YES;
				GCC_WARN_ABOUT_RETURN_TYPE = YES_ERROR;
				GCC_WARN_UNDECLARED_SELECTOR = YES;
				GCC_WARN_UNINITIALIZED_AUTOS = YES_AGGRESSIVE;
				GCC_WARN_UNUSED_FUNCTION = YES;
				GCC_WARN_UNUSED_VARIABLE = YES;
				IPHONEOS_DEPLOYMENT_TARGET = 8.4;
				MTL_ENABLE_DEBUG_INFO = NO;
				SDKROOT = iphoneos;
				VALIDATE_PRODUCT = YES;
			};
			name = Release;
		};
		E23418951B71096F0087EA6F /* Debug */ = {
			isa = XCBuildConfiguration;
			baseConfigurationReference = 5F181224075412D4D0D330FF /* Pods.debug.xcconfig */;
			buildSettings = {
				ASSETCATALOG_COMPILER_APPICON_NAME = AppIcon;
				INFOPLIST_FILE = HeadlineNews/Info.plist;
				IPHONEOS_DEPLOYMENT_TARGET = 7.1;
				LD_RUNPATH_SEARCH_PATHS = "$(inherited) @executable_path/Frameworks";
				PRODUCT_NAME = "$(TARGET_NAME)";
			};
			name = Debug;
		};
		E23418961B71096F0087EA6F /* Release */ = {
			isa = XCBuildConfiguration;
			baseConfigurationReference = 337BA6C4E6C24F55A0A2D0D6 /* Pods.release.xcconfig */;
			buildSettings = {
				ASSETCATALOG_COMPILER_APPICON_NAME = AppIcon;
				INFOPLIST_FILE = HeadlineNews/Info.plist;
				IPHONEOS_DEPLOYMENT_TARGET = 7.1;
				LD_RUNPATH_SEARCH_PATHS = "$(inherited) @executable_path/Frameworks";
				PRODUCT_NAME = "$(TARGET_NAME)";
			};
			name = Release;
		};
		E23418981B71096F0087EA6F /* Debug */ = {
			isa = XCBuildConfiguration;
			buildSettings = {
				BUNDLE_LOADER = "$(TEST_HOST)";
				FRAMEWORK_SEARCH_PATHS = (
					"$(SDKROOT)/Developer/Library/Frameworks",
					"$(inherited)",
				);
				GCC_PREPROCESSOR_DEFINITIONS = (
					"DEBUG=1",
					"$(inherited)",
				);
				INFOPLIST_FILE = HeadlineNewsTests/Info.plist;
				LD_RUNPATH_SEARCH_PATHS = "$(inherited) @executable_path/Frameworks @loader_path/Frameworks";
				PRODUCT_NAME = "$(TARGET_NAME)";
				TEST_HOST = "$(BUILT_PRODUCTS_DIR)/HeadlineNews.app/HeadlineNews";
			};
			name = Debug;
		};
		E23418991B71096F0087EA6F /* Release */ = {
			isa = XCBuildConfiguration;
			buildSettings = {
				BUNDLE_LOADER = "$(TEST_HOST)";
				FRAMEWORK_SEARCH_PATHS = (
					"$(SDKROOT)/Developer/Library/Frameworks",
					"$(inherited)",
				);
				INFOPLIST_FILE = HeadlineNewsTests/Info.plist;
				LD_RUNPATH_SEARCH_PATHS = "$(inherited) @executable_path/Frameworks @loader_path/Frameworks";
				PRODUCT_NAME = "$(TARGET_NAME)";
				TEST_HOST = "$(BUILT_PRODUCTS_DIR)/HeadlineNews.app/HeadlineNews";
			};
			name = Release;
		};
/* End XCBuildConfiguration section */

/* Begin XCConfigurationList section */
		E23418661B71096F0087EA6F /* Build configuration list for PBXProject "HeadlineNews" */ = {
			isa = XCConfigurationList;
			buildConfigurations = (
				E23418921B71096F0087EA6F /* Debug */,
				E23418931B71096F0087EA6F /* Release */,
			);
			defaultConfigurationIsVisible = 0;
			defaultConfigurationName = Release;
		};
		E23418941B71096F0087EA6F /* Build configuration list for PBXNativeTarget "HeadlineNews" */ = {
			isa = XCConfigurationList;
			buildConfigurations = (
				E23418951B71096F0087EA6F /* Debug */,
				E23418961B71096F0087EA6F /* Release */,
			);
			defaultConfigurationIsVisible = 0;
			defaultConfigurationName = Release;
		};
		E23418971B71096F0087EA6F /* Build configuration list for PBXNativeTarget "HeadlineNewsTests" */ = {
			isa = XCConfigurationList;
			buildConfigurations = (
				E23418981B71096F0087EA6F /* Debug */,
				E23418991B71096F0087EA6F /* Release */,
			);
			defaultConfigurationIsVisible = 0;
			defaultConfigurationName = Release;
		};
/* End XCConfigurationList section */

/* Begin XCVersionGroup section */
		E23418751B71096F0087EA6F /* HeadlineNews.xcdatamodeld */ = {
			isa = XCVersionGroup;
			children = (
				E23418761B71096F0087EA6F /* HeadlineNews.xcdatamodel */,
			);
			currentVersion = E23418761B71096F0087EA6F /* HeadlineNews.xcdatamodel */;
			path = HeadlineNews.xcdatamodeld;
			sourceTree = "<group>";
			versionGroupType = wrapper.xcdatamodel;
		};
/* End XCVersionGroup section */
	};
	rootObject = E23418631B71096F0087EA6F /* Project object */;
}
